// !$*UTF8*$!
{
	archiveVersion = 1;
	classes = {
	};
	objectVersion = 56;
	objects = {

/* Begin PBXBuildFile section */
		AF6B11432C6A0AD8007CD3E6 /* TummyApp.swift in Sources */ = {isa = PBXBuildFile; fileRef = AF6B11422C6A0AD8007CD3E6 /* TummyApp.swift */; };
		AF6B11472C6A0ADB007CD3E6 /* Assets.xcassets in Resources */ = {isa = PBXBuildFile; fileRef = AF6B11462C6A0ADB007CD3E6 /* Assets.xcassets */; };
		AF6B114A2C6A0ADB007CD3E6 /* Preview Assets.xcassets in Resources */ = {isa = PBXBuildFile; fileRef = AF6B11492C6A0ADB007CD3E6 /* Preview Assets.xcassets */; };
		AF6B11532C6A0B3B007CD3E6 /* Position.swift in Sources */ = {isa = PBXBuildFile; fileRef = AF6B11522C6A0B3B007CD3E6 /* Position.swift */; };
		AF6B11572C6A0CC4007CD3E6 /* DateManager.swift in Sources */ = {isa = PBXBuildFile; fileRef = AF6B11562C6A0CC4007CD3E6 /* DateManager.swift */; };
		AF6B11592C6A0EB0007CD3E6 /* FoodJournalView.swift in Sources */ = {isa = PBXBuildFile; fileRef = AF6B11582C6A0EB0007CD3E6 /* FoodJournalView.swift */; };
		AF6B115C2C6A130B007CD3E6 /* FoodJournalViewModel.swift in Sources */ = {isa = PBXBuildFile; fileRef = AF6B115B2C6A130B007CD3E6 /* FoodJournalViewModel.swift */; };
		AF6B115F2C6A143B007CD3E6 /* WeekCalendar.swift in Sources */ = {isa = PBXBuildFile; fileRef = AF6B115E2C6A143B007CD3E6 /* WeekCalendar.swift */; };
		AF6B11612C6A17CB007CD3E6 /* FloatingActionButton.swift in Sources */ = {isa = PBXBuildFile; fileRef = AF6B11602C6A17CB007CD3E6 /* FloatingActionButton.swift */; };
		AF6B11632C6A187E007CD3E6 /* MainView.swift in Sources */ = {isa = PBXBuildFile; fileRef = AF6B11622C6A187E007CD3E6 /* MainView.swift */; };
		AF6B117A2C6A2546007CD3E6 /* FoodTemplateSheet.swift in Sources */ = {isa = PBXBuildFile; fileRef = AF6B11792C6A2546007CD3E6 /* FoodTemplateSheet.swift */; };
		AF6B117C2C6A2591007CD3E6 /* AddFoodJournalSheet.swift in Sources */ = {isa = PBXBuildFile; fileRef = AF6B117B2C6A2591007CD3E6 /* AddFoodJournalSheet.swift */; };
		AF6B117F2C6A32DE007CD3E6 /* HomeView.swift in Sources */ = {isa = PBXBuildFile; fileRef = AF6B117E2C6A32DE007CD3E6 /* HomeView.swift */; };
		AF6B11812C6A34CB007CD3E6 /* BeforeMealSheet.swift in Sources */ = {isa = PBXBuildFile; fileRef = AF6B11802C6A34CB007CD3E6 /* BeforeMealSheet.swift */; };
		AF964B332C6A5807005B2301 /* SearchBar.swift in Sources */ = {isa = PBXBuildFile; fileRef = AF964B322C6A5806005B2301 /* SearchBar.swift */; };
		AF964B362C6A5AEE005B2301 /* MoodManager.swift in Sources */ = {isa = PBXBuildFile; fileRef = AF964B352C6A5AEE005B2301 /* MoodManager.swift */; };
		AF964B382C6A5E01005B2301 /* HScrollPicker.swift in Sources */ = {isa = PBXBuildFile; fileRef = AF964B372C6A5E01005B2301 /* HScrollPicker.swift */; };
		AF964B3A2C6A5EE6005B2301 /* EatingTimerVIew.swift in Sources */ = {isa = PBXBuildFile; fileRef = AF964B392C6A5EE6005B2301 /* EatingTimerVIew.swift */; };
		AF964B3C2C6A61D1005B2301 /* TimeManager.swift in Sources */ = {isa = PBXBuildFile; fileRef = AF964B3B2C6A61D1005B2301 /* TimeManager.swift */; };
/* End PBXBuildFile section */

/* Begin PBXFileReference section */
		AF6B113F2C6A0AD8007CD3E6 /* Tummy.app */ = {isa = PBXFileReference; explicitFileType = wrapper.application; includeInIndex = 0; path = Tummy.app; sourceTree = BUILT_PRODUCTS_DIR; };
		AF6B11422C6A0AD8007CD3E6 /* TummyApp.swift */ = {isa = PBXFileReference; lastKnownFileType = sourcecode.swift; path = TummyApp.swift; sourceTree = "<group>"; };
		AF6B11462C6A0ADB007CD3E6 /* Assets.xcassets */ = {isa = PBXFileReference; lastKnownFileType = folder.assetcatalog; path = Assets.xcassets; sourceTree = "<group>"; };
		AF6B11492C6A0ADB007CD3E6 /* Preview Assets.xcassets */ = {isa = PBXFileReference; lastKnownFileType = folder.assetcatalog; path = "Preview Assets.xcassets"; sourceTree = "<group>"; };
		AF6B11522C6A0B3B007CD3E6 /* Position.swift */ = {isa = PBXFileReference; lastKnownFileType = sourcecode.swift; path = Position.swift; sourceTree = "<group>"; };
		AF6B11562C6A0CC4007CD3E6 /* DateManager.swift */ = {isa = PBXFileReference; lastKnownFileType = sourcecode.swift; path = DateManager.swift; sourceTree = "<group>"; };
		AF6B11582C6A0EB0007CD3E6 /* FoodJournalView.swift */ = {isa = PBXFileReference; lastKnownFileType = sourcecode.swift; path = FoodJournalView.swift; sourceTree = "<group>"; };
		AF6B115B2C6A130B007CD3E6 /* FoodJournalViewModel.swift */ = {isa = PBXFileReference; lastKnownFileType = sourcecode.swift; path = FoodJournalViewModel.swift; sourceTree = "<group>"; };
		AF6B115E2C6A143B007CD3E6 /* WeekCalendar.swift */ = {isa = PBXFileReference; lastKnownFileType = sourcecode.swift; path = WeekCalendar.swift; sourceTree = "<group>"; };
		AF6B11602C6A17CB007CD3E6 /* FloatingActionButton.swift */ = {isa = PBXFileReference; lastKnownFileType = sourcecode.swift; path = FloatingActionButton.swift; sourceTree = "<group>"; };
		AF6B11622C6A187E007CD3E6 /* MainView.swift */ = {isa = PBXFileReference; lastKnownFileType = sourcecode.swift; path = MainView.swift; sourceTree = "<group>"; };
		AF6B11792C6A2546007CD3E6 /* FoodTemplateSheet.swift */ = {isa = PBXFileReference; lastKnownFileType = sourcecode.swift; path = FoodTemplateSheet.swift; sourceTree = "<group>"; };
		AF6B117B2C6A2591007CD3E6 /* AddFoodJournalSheet.swift */ = {isa = PBXFileReference; lastKnownFileType = sourcecode.swift; path = AddFoodJournalSheet.swift; sourceTree = "<group>"; };
		AF6B117E2C6A32DE007CD3E6 /* HomeView.swift */ = {isa = PBXFileReference; lastKnownFileType = sourcecode.swift; path = HomeView.swift; sourceTree = "<group>"; };
		AF6B11802C6A34CB007CD3E6 /* BeforeMealSheet.swift */ = {isa = PBXFileReference; lastKnownFileType = sourcecode.swift; path = BeforeMealSheet.swift; sourceTree = "<group>"; };
		AF964B322C6A5806005B2301 /* SearchBar.swift */ = {isa = PBXFileReference; lastKnownFileType = sourcecode.swift; path = SearchBar.swift; sourceTree = "<group>"; };
		AF964B352C6A5AEE005B2301 /* MoodManager.swift */ = {isa = PBXFileReference; lastKnownFileType = sourcecode.swift; path = MoodManager.swift; sourceTree = "<group>"; };
		AF964B372C6A5E01005B2301 /* HScrollPicker.swift */ = {isa = PBXFileReference; lastKnownFileType = sourcecode.swift; path = HScrollPicker.swift; sourceTree = "<group>"; };
		AF964B392C6A5EE6005B2301 /* EatingTimerVIew.swift */ = {isa = PBXFileReference; lastKnownFileType = sourcecode.swift; path = EatingTimerVIew.swift; sourceTree = "<group>"; };
		AF964B3B2C6A61D1005B2301 /* TimeManager.swift */ = {isa = PBXFileReference; lastKnownFileType = sourcecode.swift; path = TimeManager.swift; sourceTree = "<group>"; };
/* End PBXFileReference section */

/* Begin PBXFrameworksBuildPhase section */
		AF6B113C2C6A0AD8007CD3E6 /* Frameworks */ = {
			isa = PBXFrameworksBuildPhase;
			buildActionMask = 2147483647;
			files = (
			);
			runOnlyForDeploymentPostprocessing = 0;
		};
/* End PBXFrameworksBuildPhase section */

/* Begin PBXGroup section */
		AF6B11362C6A0AD8007CD3E6 = {
			isa = PBXGroup;
			children = (
				AF6B11412C6A0AD8007CD3E6 /* Tummy */,
				AF6B11402C6A0AD8007CD3E6 /* Products */,
			);
			sourceTree = "<group>";
		};
		AF6B11402C6A0AD8007CD3E6 /* Products */ = {
			isa = PBXGroup;
			children = (
				AF6B113F2C6A0AD8007CD3E6 /* Tummy.app */,
			);
			name = Products;
			sourceTree = "<group>";
		};
		AF6B11412C6A0AD8007CD3E6 /* Tummy */ = {
			isa = PBXGroup;
			children = (
				AF964B342C6A5ADD005B2301 /* Manager */,
				AF6B115D2C6A1428007CD3E6 /* Components */,
				AF6B115A2C6A12F7007CD3E6 /* ViewModel */,
				AF6B11512C6A0B2B007CD3E6 /* Extensions */,
				AF6B11502C6A0B23007CD3E6 /* View */,
				AF6B11422C6A0AD8007CD3E6 /* TummyApp.swift */,
				AF6B11482C6A0ADB007CD3E6 /* Preview Content */,
				AF6B11622C6A187E007CD3E6 /* MainView.swift */,
			);
			path = Tummy;
			sourceTree = "<group>";
		};
		AF6B11482C6A0ADB007CD3E6 /* Preview Content */ = {
			isa = PBXGroup;
			children = (
				AF6B11462C6A0ADB007CD3E6 /* Assets.xcassets */,
				AF6B11492C6A0ADB007CD3E6 /* Preview Assets.xcassets */,
			);
			path = "Preview Content";
			sourceTree = "<group>";
		};
		AF6B11502C6A0B23007CD3E6 /* View */ = {
			isa = PBXGroup;
			children = (
				AF6B11802C6A34CB007CD3E6 /* BeforeMealSheet.swift */,
				AF6B117D2C6A32B8007CD3E6 /* Home */,
				AF6B11762C6A2289007CD3E6 /* Timer */,
				AF6B11682C6A2062007CD3E6 /* Food Journal */,
				AF964B392C6A5EE6005B2301 /* EatingTimerVIew.swift */,
			);
			path = View;
			sourceTree = "<group>";
		};
		AF6B11512C6A0B2B007CD3E6 /* Extensions */ = {
			isa = PBXGroup;
			children = (
				AF6B11522C6A0B3B007CD3E6 /* Position.swift */,
				AF6B11562C6A0CC4007CD3E6 /* DateManager.swift */,
			);
			path = Extensions;
			sourceTree = "<group>";
		};
		AF6B115A2C6A12F7007CD3E6 /* ViewModel */ = {
			isa = PBXGroup;
			children = (
				AF6B115B2C6A130B007CD3E6 /* FoodJournalViewModel.swift */,
			);
			path = ViewModel;
			sourceTree = "<group>";
		};
		AF6B115D2C6A1428007CD3E6 /* Components */ = {
			isa = PBXGroup;
			children = (
				AF6B11602C6A17CB007CD3E6 /* FloatingActionButton.swift */,
				AF6B115E2C6A143B007CD3E6 /* WeekCalendar.swift */,
				AF964B322C6A5806005B2301 /* SearchBar.swift */,
				AF964B372C6A5E01005B2301 /* HScrollPicker.swift */,
			);
			path = Components;
			sourceTree = "<group>";
		};
		AF6B11682C6A2062007CD3E6 /* Food Journal */ = {
			isa = PBXGroup;
			children = (
				AF6B11792C6A2546007CD3E6 /* FoodTemplateSheet.swift */,
				AF6B11582C6A0EB0007CD3E6 /* FoodJournalView.swift */,
				AF6B117B2C6A2591007CD3E6 /* AddFoodJournalSheet.swift */,
			);
			path = "Food Journal";
			sourceTree = "<group>";
		};
		AF6B11762C6A2289007CD3E6 /* Timer */ = {
			isa = PBXGroup;
			children = (
			);
			path = Timer;
			sourceTree = "<group>";
		};
		AF6B117D2C6A32B8007CD3E6 /* Home */ = {
			isa = PBXGroup;
			children = (
				AF6B117E2C6A32DE007CD3E6 /* HomeView.swift */,
			);
			path = Home;
			sourceTree = "<group>";
		};
		AF964B342C6A5ADD005B2301 /* Manager */ = {
			isa = PBXGroup;
			children = (
				AF964B352C6A5AEE005B2301 /* MoodManager.swift */,
				AF964B3B2C6A61D1005B2301 /* TimeManager.swift */,
			);
			path = Manager;
			sourceTree = "<group>";
		};
/* End PBXGroup section */

/* Begin PBXNativeTarget section */
		AF6B113E2C6A0AD8007CD3E6 /* Tummy */ = {
			isa = PBXNativeTarget;
			buildConfigurationList = AF6B114D2C6A0ADB007CD3E6 /* Build configuration list for PBXNativeTarget "Tummy" */;
			buildPhases = (
				AF6B113B2C6A0AD8007CD3E6 /* Sources */,
				AF6B113C2C6A0AD8007CD3E6 /* Frameworks */,
				AF6B113D2C6A0AD8007CD3E6 /* Resources */,
			);
			buildRules = (
			);
			dependencies = (
			);
			name = Tummy;
			productName = Tummy;
			productReference = AF6B113F2C6A0AD8007CD3E6 /* Tummy.app */;
			productType = "com.apple.product-type.application";
		};
/* End PBXNativeTarget section */

/* Begin PBXProject section */
		AF6B11372C6A0AD8007CD3E6 /* Project object */ = {
			isa = PBXProject;
			attributes = {
				BuildIndependentTargetsInParallel = 1;
				LastSwiftUpdateCheck = 1540;
				LastUpgradeCheck = 1540;
				TargetAttributes = {
					AF6B113E2C6A0AD8007CD3E6 = {
						CreatedOnToolsVersion = 15.4;
					};
				};
			};
			buildConfigurationList = AF6B113A2C6A0AD8007CD3E6 /* Build configuration list for PBXProject "Tummy" */;
			compatibilityVersion = "Xcode 14.0";
			developmentRegion = en;
			hasScannedForEncodings = 0;
			knownRegions = (
				en,
				Base,
			);
			mainGroup = AF6B11362C6A0AD8007CD3E6;
			productRefGroup = AF6B11402C6A0AD8007CD3E6 /* Products */;
			projectDirPath = "";
			projectRoot = "";
			targets = (
				AF6B113E2C6A0AD8007CD3E6 /* Tummy */,
			);
		};
/* End PBXProject section */

/* Begin PBXResourcesBuildPhase section */
		AF6B113D2C6A0AD8007CD3E6 /* Resources */ = {
			isa = PBXResourcesBuildPhase;
			buildActionMask = 2147483647;
			files = (
				AF6B114A2C6A0ADB007CD3E6 /* Preview Assets.xcassets in Resources */,
				AF6B11472C6A0ADB007CD3E6 /* Assets.xcassets in Resources */,
			);
			runOnlyForDeploymentPostprocessing = 0;
		};
/* End PBXResourcesBuildPhase section */

/* Begin PBXSourcesBuildPhase section */
		AF6B113B2C6A0AD8007CD3E6 /* Sources */ = {
			isa = PBXSourcesBuildPhase;
			buildActionMask = 2147483647;
			files = (
				AF6B11632C6A187E007CD3E6 /* MainView.swift in Sources */,
				AF6B11572C6A0CC4007CD3E6 /* DateManager.swift in Sources */,
				AF964B382C6A5E01005B2301 /* HScrollPicker.swift in Sources */,
				AF964B3C2C6A61D1005B2301 /* TimeManager.swift in Sources */,
				AF6B117A2C6A2546007CD3E6 /* FoodTemplateSheet.swift in Sources */,
				AF964B3A2C6A5EE6005B2301 /* EatingTimerVIew.swift in Sources */,
				AF6B11432C6A0AD8007CD3E6 /* TummyApp.swift in Sources */,
				AF6B11812C6A34CB007CD3E6 /* BeforeMealSheet.swift in Sources */,
				AF6B11612C6A17CB007CD3E6 /* FloatingActionButton.swift in Sources */,
				AF964B332C6A5807005B2301 /* SearchBar.swift in Sources */,
				AF6B11592C6A0EB0007CD3E6 /* FoodJournalView.swift in Sources */,
				AF6B117C2C6A2591007CD3E6 /* AddFoodJournalSheet.swift in Sources */,
				AF6B115F2C6A143B007CD3E6 /* WeekCalendar.swift in Sources */,
				AF6B117F2C6A32DE007CD3E6 /* HomeView.swift in Sources */,
				AF6B115C2C6A130B007CD3E6 /* FoodJournalViewModel.swift in Sources */,
				AF6B11532C6A0B3B007CD3E6 /* Position.swift in Sources */,
				AF964B362C6A5AEE005B2301 /* MoodManager.swift in Sources */,
			);
			runOnlyForDeploymentPostprocessing = 0;
		};
/* End PBXSourcesBuildPhase section */

/* Begin XCBuildConfiguration section */
		AF6B114B2C6A0ADB007CD3E6 /* Debug */ = {
			isa = XCBuildConfiguration;
			buildSettings = {
				ALWAYS_SEARCH_USER_PATHS = NO;
				ASSETCATALOG_COMPILER_GENERATE_SWIFT_ASSET_SYMBOL_EXTENSIONS = YES;
				CLANG_ANALYZER_NONNULL = YES;
				CLANG_ANALYZER_NUMBER_OBJECT_CONVERSION = YES_AGGRESSIVE;
				CLANG_CXX_LANGUAGE_STANDARD = "gnu++20";
				CLANG_ENABLE_MODULES = YES;
				CLANG_ENABLE_OBJC_ARC = YES;
				CLANG_ENABLE_OBJC_WEAK = YES;
				CLANG_WARN_BLOCK_CAPTURE_AUTORELEASING = YES;
				CLANG_WARN_BOOL_CONVERSION = YES;
				CLANG_WARN_COMMA = YES;
				CLANG_WARN_CONSTANT_CONVERSION = YES;
				CLANG_WARN_DEPRECATED_OBJC_IMPLEMENTATIONS = YES;
				CLANG_WARN_DIRECT_OBJC_ISA_USAGE = YES_ERROR;
				CLANG_WARN_DOCUMENTATION_COMMENTS = YES;
				CLANG_WARN_EMPTY_BODY = YES;
				CLANG_WARN_ENUM_CONVERSION = YES;
				CLANG_WARN_INFINITE_RECURSION = YES;
				CLANG_WARN_INT_CONVERSION = YES;
				CLANG_WARN_NON_LITERAL_NULL_CONVERSION = YES;
				CLANG_WARN_OBJC_IMPLICIT_RETAIN_SELF = YES;
				CLANG_WARN_OBJC_LITERAL_CONVERSION = YES;
				CLANG_WARN_OBJC_ROOT_CLASS = YES_ERROR;
				CLANG_WARN_QUOTED_INCLUDE_IN_FRAMEWORK_HEADER = YES;
				CLANG_WARN_RANGE_LOOP_ANALYSIS = YES;
				CLANG_WARN_STRICT_PROTOTYPES = YES;
				CLANG_WARN_SUSPICIOUS_MOVE = YES;
				CLANG_WARN_UNGUARDED_AVAILABILITY = YES_AGGRESSIVE;
				CLANG_WARN_UNREACHABLE_CODE = YES;
				CLANG_WARN__DUPLICATE_METHOD_MATCH = YES;
				COPY_PHASE_STRIP = NO;
				DEBUG_INFORMATION_FORMAT = dwarf;
				ENABLE_STRICT_OBJC_MSGSEND = YES;
				ENABLE_TESTABILITY = YES;
				ENABLE_USER_SCRIPT_SANDBOXING = YES;
				GCC_C_LANGUAGE_STANDARD = gnu17;
				GCC_DYNAMIC_NO_PIC = NO;
				GCC_NO_COMMON_BLOCKS = YES;
				GCC_OPTIMIZATION_LEVEL = 0;
				GCC_PREPROCESSOR_DEFINITIONS = (
					"DEBUG=1",
					"$(inherited)",
				);
				GCC_WARN_64_TO_32_BIT_CONVERSION = YES;
				GCC_WARN_ABOUT_RETURN_TYPE = YES_ERROR;
				GCC_WARN_UNDECLARED_SELECTOR = YES;
				GCC_WARN_UNINITIALIZED_AUTOS = YES_AGGRESSIVE;
				GCC_WARN_UNUSED_FUNCTION = YES;
				GCC_WARN_UNUSED_VARIABLE = YES;
				IPHONEOS_DEPLOYMENT_TARGET = 17.5;
				LOCALIZATION_PREFERS_STRING_CATALOGS = YES;
				MTL_ENABLE_DEBUG_INFO = INCLUDE_SOURCE;
				MTL_FAST_MATH = YES;
				ONLY_ACTIVE_ARCH = YES;
				SDKROOT = iphoneos;
				SWIFT_ACTIVE_COMPILATION_CONDITIONS = "DEBUG $(inherited)";
				SWIFT_OPTIMIZATION_LEVEL = "-Onone";
			};
			name = Debug;
		};
		AF6B114C2C6A0ADB007CD3E6 /* Release */ = {
			isa = XCBuildConfiguration;
			buildSettings = {
				ALWAYS_SEARCH_USER_PATHS = NO;
				ASSETCATALOG_COMPILER_GENERATE_SWIFT_ASSET_SYMBOL_EXTENSIONS = YES;
				CLANG_ANALYZER_NONNULL = YES;
				CLANG_ANALYZER_NUMBER_OBJECT_CONVERSION = YES_AGGRESSIVE;
				CLANG_CXX_LANGUAGE_STANDARD = "gnu++20";
				CLANG_ENABLE_MODULES = YES;
				CLANG_ENABLE_OBJC_ARC = YES;
				CLANG_ENABLE_OBJC_WEAK = YES;
				CLANG_WARN_BLOCK_CAPTURE_AUTORELEASING = YES;
				CLANG_WARN_BOOL_CONVERSION = YES;
				CLANG_WARN_COMMA = YES;
				CLANG_WARN_CONSTANT_CONVERSION = YES;
				CLANG_WARN_DEPRECATED_OBJC_IMPLEMENTATIONS = YES;
				CLANG_WARN_DIRECT_OBJC_ISA_USAGE = YES_ERROR;
				CLANG_WARN_DOCUMENTATION_COMMENTS = YES;
				CLANG_WARN_EMPTY_BODY = YES;
				CLANG_WARN_ENUM_CONVERSION = YES;
				CLANG_WARN_INFINITE_RECURSION = YES;
				CLANG_WARN_INT_CONVERSION = YES;
				CLANG_WARN_NON_LITERAL_NULL_CONVERSION = YES;
				CLANG_WARN_OBJC_IMPLICIT_RETAIN_SELF = YES;
				CLANG_WARN_OBJC_LITERAL_CONVERSION = YES;
				CLANG_WARN_OBJC_ROOT_CLASS = YES_ERROR;
				CLANG_WARN_QUOTED_INCLUDE_IN_FRAMEWORK_HEADER = YES;
				CLANG_WARN_RANGE_LOOP_ANALYSIS = YES;
				CLANG_WARN_STRICT_PROTOTYPES = YES;
				CLANG_WARN_SUSPICIOUS_MOVE = YES;
				CLANG_WARN_UNGUARDED_AVAILABILITY = YES_AGGRESSIVE;
				CLANG_WARN_UNREACHABLE_CODE = YES;
				CLANG_WARN__DUPLICATE_METHOD_MATCH = YES;
				COPY_PHASE_STRIP = NO;
				DEBUG_INFORMATION_FORMAT = "dwarf-with-dsym";
				ENABLE_NS_ASSERTIONS = NO;
				ENABLE_STRICT_OBJC_MSGSEND = YES;
				ENABLE_USER_SCRIPT_SANDBOXING = YES;
				GCC_C_LANGUAGE_STANDARD = gnu17;
				GCC_NO_COMMON_BLOCKS = YES;
				GCC_WARN_64_TO_32_BIT_CONVERSION = YES;
				GCC_WARN_ABOUT_RETURN_TYPE = YES_ERROR;
				GCC_WARN_UNDECLARED_SELECTOR = YES;
				GCC_WARN_UNINITIALIZED_AUTOS = YES_AGGRESSIVE;
				GCC_WARN_UNUSED_FUNCTION = YES;
				GCC_WARN_UNUSED_VARIABLE = YES;
				IPHONEOS_DEPLOYMENT_TARGET = 17.5;
				LOCALIZATION_PREFERS_STRING_CATALOGS = YES;
				MTL_ENABLE_DEBUG_INFO = NO;
				MTL_FAST_MATH = YES;
				SDKROOT = iphoneos;
				SWIFT_COMPILATION_MODE = wholemodule;
				VALIDATE_PRODUCT = YES;
			};
			name = Release;
		};
		AF6B114E2C6A0ADB007CD3E6 /* Debug */ = {
			isa = XCBuildConfiguration;
			buildSettings = {
				ASSETCATALOG_COMPILER_APPICON_NAME = AppIcon;
				ASSETCATALOG_COMPILER_GLOBAL_ACCENT_COLOR_NAME = AccentColor;
				CODE_SIGN_STYLE = Automatic;
				CURRENT_PROJECT_VERSION = 1;
				DEVELOPMENT_ASSET_PATHS = "\"Tummy/Preview Content\"";
				DEVELOPMENT_TEAM = N5MYS96KJV;
				ENABLE_PREVIEWS = YES;
				GENERATE_INFOPLIST_FILE = YES;
				INFOPLIST_KEY_NSCameraUsageDescription = "We will need to access your camera";
				INFOPLIST_KEY_UIApplicationSceneManifest_Generation = YES;
				INFOPLIST_KEY_UIApplicationSupportsIndirectInputEvents = YES;
				INFOPLIST_KEY_UILaunchScreen_Generation = YES;
				INFOPLIST_KEY_UISupportedInterfaceOrientations_iPad = "UIInterfaceOrientationPortrait UIInterfaceOrientationPortraitUpsideDown UIInterfaceOrientationLandscapeLeft UIInterfaceOrientationLandscapeRight";
				INFOPLIST_KEY_UISupportedInterfaceOrientations_iPhone = "UIInterfaceOrientationPortrait UIInterfaceOrientationLandscapeLeft UIInterfaceOrientationLandscapeRight";
				LD_RUNPATH_SEARCH_PATHS = (
					"$(inherited)",
					"@executable_path/Frameworks",
				);
				MARKETING_VERSION = 1.0;
				PRODUCT_BUNDLE_IDENTIFIER = huang.com.Tummy;
				PRODUCT_NAME = "$(TARGET_NAME)";
				SWIFT_EMIT_LOC_STRINGS = YES;
				SWIFT_VERSION = 5.0;
				TARGETED_DEVICE_FAMILY = "1,2";
			};
			name = Debug;
		};
		AF6B114F2C6A0ADB007CD3E6 /* Release */ = {
			isa = XCBuildConfiguration;
			buildSettings = {
				ASSETCATALOG_COMPILER_APPICON_NAME = AppIcon;
				ASSETCATALOG_COMPILER_GLOBAL_ACCENT_COLOR_NAME = AccentColor;
				CODE_SIGN_STYLE = Automatic;
				CURRENT_PROJECT_VERSION = 1;
				DEVELOPMENT_ASSET_PATHS = "\"Tummy/Preview Content\"";
				DEVELOPMENT_TEAM = N5MYS96KJV;
				ENABLE_PREVIEWS = YES;
				GENERATE_INFOPLIST_FILE = YES;
				INFOPLIST_KEY_NSCameraUsageDescription = "We will need to access your camera";
				INFOPLIST_KEY_UIApplicationSceneManifest_Generation = YES;
				INFOPLIST_KEY_UIApplicationSupportsIndirectInputEvents = YES;
				INFOPLIST_KEY_UILaunchScreen_Generation = YES;
				INFOPLIST_KEY_UISupportedInterfaceOrientations_iPad = "UIInterfaceOrientationPortrait UIInterfaceOrientationPortraitUpsideDown UIInterfaceOrientationLandscapeLeft UIInterfaceOrientationLandscapeRight";
				INFOPLIST_KEY_UISupportedInterfaceOrientations_iPhone = "UIInterfaceOrientationPortrait UIInterfaceOrientationLandscapeLeft UIInterfaceOrientationLandscapeRight";
				LD_RUNPATH_SEARCH_PATHS = (
					"$(inherited)",
					"@executable_path/Frameworks",
				);
				MARKETING_VERSION = 1.0;
				PRODUCT_BUNDLE_IDENTIFIER = huang.com.Tummy;
				PRODUCT_NAME = "$(TARGET_NAME)";
				SWIFT_EMIT_LOC_STRINGS = YES;
				SWIFT_VERSION = 5.0;
				TARGETED_DEVICE_FAMILY = "1,2";
			};
			name = Release;
		};
/* End XCBuildConfiguration section */

/* Begin XCConfigurationList section */
		AF6B113A2C6A0AD8007CD3E6 /* Build configuration list for PBXProject "Tummy" */ = {
			isa = XCConfigurationList;
			buildConfigurations = (
				AF6B114B2C6A0ADB007CD3E6 /* Debug */,
				AF6B114C2C6A0ADB007CD3E6 /* Release */,
			);
			defaultConfigurationIsVisible = 0;
			defaultConfigurationName = Release;
		};
		AF6B114D2C6A0ADB007CD3E6 /* Build configuration list for PBXNativeTarget "Tummy" */ = {
			isa = XCConfigurationList;
			buildConfigurations = (
				AF6B114E2C6A0ADB007CD3E6 /* Debug */,
				AF6B114F2C6A0ADB007CD3E6 /* Release */,
			);
			defaultConfigurationIsVisible = 0;
			defaultConfigurationName = Release;
		};
/* End XCConfigurationList section */
	};
	rootObject = AF6B11372C6A0AD8007CD3E6 /* Project object */;
}
